// !$*UTF8*$!
{
	archiveVersion = 1;
	classes = {
	};
	objectVersion = 46;
	objects = {

/* Begin PBXBuildFile section */
		4589EF791EBE751F00ABD693 /* AboutWindow.xib in Resources */ = {isa = PBXBuildFile; fileRef = 4589EF6E1EBE751F00ABD693 /* AboutWindow.xib */; };
		4589EF7A1EBE751F00ABD693 /* AboutWindowController.swift in Sources */ = {isa = PBXBuildFile; fileRef = 4589EF6F1EBE751F00ABD693 /* AboutWindowController.swift */; };
		4589EF7B1EBE751F00ABD693 /* Alerts.swift in Sources */ = {isa = PBXBuildFile; fileRef = 4589EF701EBE751F00ABD693 /* Alerts.swift */; };
		4589EF7C1EBE751F00ABD693 /* AppDelegate.swift in Sources */ = {isa = PBXBuildFile; fileRef = 4589EF711EBE751F00ABD693 /* AppDelegate.swift */; };
		4589EF7D1EBE751F00ABD693 /* Assets.xcassets in Resources */ = {isa = PBXBuildFile; fileRef = 4589EF721EBE751F00ABD693 /* Assets.xcassets */; };
		4589EF7E1EBE751F00ABD693 /* Helpers.swift in Sources */ = {isa = PBXBuildFile; fileRef = 4589EF731EBE751F00ABD693 /* Helpers.swift */; };
		4589EF801EBE751F00ABD693 /* MainMenu.xib in Resources */ = {isa = PBXBuildFile; fileRef = 4589EF751EBE751F00ABD693 /* MainMenu.xib */; };
		4589EF811EBE751F00ABD693 /* SwiftyTimer.swift in Sources */ = {isa = PBXBuildFile; fileRef = 4589EF761EBE751F00ABD693 /* SwiftyTimer.swift */; };
		4589EF821EBE751F00ABD693 /* Updates.swift in Sources */ = {isa = PBXBuildFile; fileRef = 4589EF771EBE751F00ABD693 /* Updates.swift */; };
		4589EF831EBE751F00ABD693 /* VM.swift in Sources */ = {isa = PBXBuildFile; fileRef = 4589EF781EBE751F00ABD693 /* VM.swift */; };
		45F57ADF1EBE6E8C00A6667A /* bin in Resources */ = {isa = PBXBuildFile; fileRef = 45F57ADB1EBE6E8C00A6667A /* bin */; };
		45F57AE01EBE6E8C00A6667A /* commands in Resources */ = {isa = PBXBuildFile; fileRef = 45F57ADC1EBE6E8C00A6667A /* commands */; };
		45F57AE21EBE6E8C00A6667A /* vm in Resources */ = {isa = PBXBuildFile; fileRef = 45F57ADE1EBE6E8C00A6667A /* vm */; };
/* End PBXBuildFile section */

/* Begin PBXFileReference section */
		4589EF6E1EBE751F00ABD693 /* AboutWindow.xib */ = {isa = PBXFileReference; fileEncoding = 4; lastKnownFileType = file.xib; name = AboutWindow.xib; path = src/RktMachine/AboutWindow.xib; sourceTree = "<group>"; };
		4589EF6F1EBE751F00ABD693 /* AboutWindowController.swift */ = {isa = PBXFileReference; fileEncoding = 4; lastKnownFileType = sourcecode.swift; name = AboutWindowController.swift; path = src/RktMachine/AboutWindowController.swift; sourceTree = "<group>"; };
		4589EF701EBE751F00ABD693 /* Alerts.swift */ = {isa = PBXFileReference; fileEncoding = 4; lastKnownFileType = sourcecode.swift; name = Alerts.swift; path = src/RktMachine/Alerts.swift; sourceTree = "<group>"; };
		4589EF711EBE751F00ABD693 /* AppDelegate.swift */ = {isa = PBXFileReference; fileEncoding = 4; lastKnownFileType = sourcecode.swift; name = AppDelegate.swift; path = src/RktMachine/AppDelegate.swift; sourceTree = "<group>"; };
		4589EF721EBE751F00ABD693 /* Assets.xcassets */ = {isa = PBXFileReference; lastKnownFileType = folder.assetcatalog; name = Assets.xcassets; path = src/RktMachine/Assets.xcassets; sourceTree = "<group>"; };
		4589EF731EBE751F00ABD693 /* Helpers.swift */ = {isa = PBXFileReference; fileEncoding = 4; lastKnownFileType = sourcecode.swift; name = Helpers.swift; path = src/RktMachine/Helpers.swift; sourceTree = "<group>"; };
		4589EF741EBE751F00ABD693 /* Info.plist */ = {isa = PBXFileReference; fileEncoding = 4; lastKnownFileType = text.plist.xml; name = Info.plist; path = src/RktMachine/Info.plist; sourceTree = "<group>"; };
		4589EF751EBE751F00ABD693 /* MainMenu.xib */ = {isa = PBXFileReference; fileEncoding = 4; lastKnownFileType = file.xib; name = MainMenu.xib; path = src/RktMachine/MainMenu.xib; sourceTree = "<group>"; };
		4589EF761EBE751F00ABD693 /* SwiftyTimer.swift */ = {isa = PBXFileReference; fileEncoding = 4; lastKnownFileType = sourcecode.swift; name = SwiftyTimer.swift; path = src/RktMachine/SwiftyTimer.swift; sourceTree = "<group>"; };
		4589EF771EBE751F00ABD693 /* Updates.swift */ = {isa = PBXFileReference; fileEncoding = 4; lastKnownFileType = sourcecode.swift; name = Updates.swift; path = src/RktMachine/Updates.swift; sourceTree = "<group>"; };
		4589EF781EBE751F00ABD693 /* VM.swift */ = {isa = PBXFileReference; fileEncoding = 4; lastKnownFileType = sourcecode.swift; name = VM.swift; path = src/RktMachine/VM.swift; sourceTree = "<group>"; };
		45AE5B951EBE6C9400FA07B0 /* RktMachine.app */ = {isa = PBXFileReference; explicitFileType = wrapper.application; includeInIndex = 0; path = RktMachine.app; sourceTree = BUILT_PRODUCTS_DIR; };
		45F57ADB1EBE6E8C00A6667A /* bin */ = {isa = PBXFileReference; lastKnownFileType = folder; name = bin; path = src/bin; sourceTree = "<group>"; };
		45F57ADC1EBE6E8C00A6667A /* commands */ = {isa = PBXFileReference; lastKnownFileType = folder; name = commands; path = src/commands; sourceTree = "<group>"; };
		45F57ADE1EBE6E8C00A6667A /* vm */ = {isa = PBXFileReference; lastKnownFileType = folder; name = vm; path = src/vm; sourceTree = "<group>"; };
/* End PBXFileReference section */

/* Begin PBXFrameworksBuildPhase section */
		45AE5B921EBE6C9400FA07B0 /* Frameworks */ = {
			isa = PBXFrameworksBuildPhase;
			buildActionMask = 2147483647;
			files = (
			);
			runOnlyForDeploymentPostprocessing = 0;
		};
/* End PBXFrameworksBuildPhase section */

/* Begin PBXGroup section */
		4589EF6B1EBE74FC00ABD693 /* RktMachine */ = {
			isa = PBXGroup;
			children = (
				4589EF6E1EBE751F00ABD693 /* AboutWindow.xib */,
				4589EF751EBE751F00ABD693 /* MainMenu.xib */,
				4589EF721EBE751F00ABD693 /* Assets.xcassets */,
				4589EF6F1EBE751F00ABD693 /* AboutWindowController.swift */,
				4589EF701EBE751F00ABD693 /* Alerts.swift */,
				4589EF711EBE751F00ABD693 /* AppDelegate.swift */,
				4589EF731EBE751F00ABD693 /* Helpers.swift */,
				4589EF741EBE751F00ABD693 /* Info.plist */,
				4589EF761EBE751F00ABD693 /* SwiftyTimer.swift */,
				4589EF771EBE751F00ABD693 /* Updates.swift */,
				4589EF781EBE751F00ABD693 /* VM.swift */,
			);
			name = RktMachine;
			sourceTree = "<group>";
		};
		45AE5B8C1EBE6C9400FA07B0 = {
			isa = PBXGroup;
			children = (
				4589EF6B1EBE74FC00ABD693 /* RktMachine */,
				45F57ADB1EBE6E8C00A6667A /* bin */,
				45F57ADC1EBE6E8C00A6667A /* commands */,
				45F57ADE1EBE6E8C00A6667A /* vm */,
				45AE5B961EBE6C9400FA07B0 /* Products */,
			);
			sourceTree = "<group>";
		};
		45AE5B961EBE6C9400FA07B0 /* Products */ = {
			isa = PBXGroup;
			children = (
				45AE5B951EBE6C9400FA07B0 /* RktMachine.app */,
			);
			name = Products;
			sourceTree = "<group>";
		};
/* End PBXGroup section */

/* Begin PBXNativeTarget section */
		45AE5B941EBE6C9400FA07B0 /* RktMachine */ = {
			isa = PBXNativeTarget;
			buildConfigurationList = 45AE5BA41EBE6C9400FA07B0 /* Build configuration list for PBXNativeTarget "RktMachine" */;
			buildPhases = (
				45AE5B911EBE6C9400FA07B0 /* Sources */,
				45AE5B921EBE6C9400FA07B0 /* Frameworks */,
				45AE5B931EBE6C9400FA07B0 /* Resources */,
			);
			buildRules = (
			);
			dependencies = (
			);
			name = RktMachine;
			productName = RktMachine;
			productReference = 45AE5B951EBE6C9400FA07B0 /* RktMachine.app */;
			productType = "com.apple.product-type.application";
		};
/* End PBXNativeTarget section */

/* Begin PBXProject section */
		45AE5B8D1EBE6C9400FA07B0 /* Project object */ = {
			isa = PBXProject;
			attributes = {
				LastSwiftUpdateCheck = 0830;
				LastUpgradeCheck = 0900;
				ORGANIZATIONNAME = "Woof Woof, Inc.";
				TargetAttributes = {
					45AE5B941EBE6C9400FA07B0 = {
						CreatedOnToolsVersion = 8.3.2;
						LastSwiftMigration = 0900;
						ProvisioningStyle = Automatic;
					};
				};
			};
			buildConfigurationList = 45AE5B901EBE6C9400FA07B0 /* Build configuration list for PBXProject "RktMachine" */;
			compatibilityVersion = "Xcode 3.2";
			developmentRegion = English;
			hasScannedForEncodings = 0;
			knownRegions = (
				en,
				Base,
			);
			mainGroup = 45AE5B8C1EBE6C9400FA07B0;
			productRefGroup = 45AE5B961EBE6C9400FA07B0 /* Products */;
			projectDirPath = "";
			projectRoot = "";
			targets = (
				45AE5B941EBE6C9400FA07B0 /* RktMachine */,
			);
		};
/* End PBXProject section */

/* Begin PBXResourcesBuildPhase section */
		45AE5B931EBE6C9400FA07B0 /* Resources */ = {
			isa = PBXResourcesBuildPhase;
			buildActionMask = 2147483647;
			files = (
				45F57AE01EBE6E8C00A6667A /* commands in Resources */,
				45F57AE21EBE6E8C00A6667A /* vm in Resources */,
				45F57ADF1EBE6E8C00A6667A /* bin in Resources */,
				4589EF791EBE751F00ABD693 /* AboutWindow.xib in Resources */,
				4589EF801EBE751F00ABD693 /* MainMenu.xib in Resources */,
				4589EF7D1EBE751F00ABD693 /* Assets.xcassets in Resources */,
			);
			runOnlyForDeploymentPostprocessing = 0;
		};
/* End PBXResourcesBuildPhase section */

/* Begin PBXSourcesBuildPhase section */
		45AE5B911EBE6C9400FA07B0 /* Sources */ = {
			isa = PBXSourcesBuildPhase;
			buildActionMask = 2147483647;
			files = (
				4589EF7C1EBE751F00ABD693 /* AppDelegate.swift in Sources */,
				4589EF7B1EBE751F00ABD693 /* Alerts.swift in Sources */,
				4589EF821EBE751F00ABD693 /* Updates.swift in Sources */,
				4589EF7A1EBE751F00ABD693 /* AboutWindowController.swift in Sources */,
				4589EF7E1EBE751F00ABD693 /* Helpers.swift in Sources */,
				4589EF831EBE751F00ABD693 /* VM.swift in Sources */,
				4589EF811EBE751F00ABD693 /* SwiftyTimer.swift in Sources */,
			);
			runOnlyForDeploymentPostprocessing = 0;
		};
/* End PBXSourcesBuildPhase section */

/* Begin XCBuildConfiguration section */
		45AE5BA21EBE6C9400FA07B0 /* Debug */ = {
			isa = XCBuildConfiguration;
			buildSettings = {
				ALWAYS_SEARCH_USER_PATHS = NO;
				CLANG_ANALYZER_NONNULL = YES;
				CLANG_ANALYZER_NUMBER_OBJECT_CONVERSION = YES_AGGRESSIVE;
				CLANG_CXX_LANGUAGE_STANDARD = "gnu++0x";
				CLANG_CXX_LIBRARY = "libc++";
				CLANG_ENABLE_MODULES = YES;
				CLANG_ENABLE_OBJC_ARC = YES;
				CLANG_WARN_BLOCK_CAPTURE_AUTORELEASING = YES;
				CLANG_WARN_BOOL_CONVERSION = YES;
				CLANG_WARN_COMMA = YES;
				CLANG_WARN_CONSTANT_CONVERSION = YES;
				CLANG_WARN_DIRECT_OBJC_ISA_USAGE = YES_ERROR;
				CLANG_WARN_DOCUMENTATION_COMMENTS = YES;
				CLANG_WARN_EMPTY_BODY = YES;
				CLANG_WARN_ENUM_CONVERSION = YES;
				CLANG_WARN_INFINITE_RECURSION = YES;
				CLANG_WARN_INT_CONVERSION = YES;
				CLANG_WARN_NON_LITERAL_NULL_CONVERSION = YES;
				CLANG_WARN_OBJC_LITERAL_CONVERSION = YES;
				CLANG_WARN_OBJC_ROOT_CLASS = YES_ERROR;
				CLANG_WARN_RANGE_LOOP_ANALYSIS = YES;
				CLANG_WARN_STRICT_PROTOTYPES = YES;
				CLANG_WARN_SUSPICIOUS_MOVE = YES;
				CLANG_WARN_UNREACHABLE_CODE = YES;
				CLANG_WARN__DUPLICATE_METHOD_MATCH = YES;
				CODE_SIGN_IDENTITY = "-";
				COPY_PHASE_STRIP = NO;
				DEBUG_INFORMATION_FORMAT = dwarf;
				ENABLE_STRICT_OBJC_MSGSEND = YES;
				ENABLE_TESTABILITY = YES;
				GCC_C_LANGUAGE_STANDARD = gnu99;
				GCC_DYNAMIC_NO_PIC = NO;
				GCC_NO_COMMON_BLOCKS = YES;
				GCC_OPTIMIZATION_LEVEL = 0;
				GCC_PREPROCESSOR_DEFINITIONS = (
					"DEBUG=1",
					"$(inherited)",
				);
				GCC_WARN_64_TO_32_BIT_CONVERSION = YES;
				GCC_WARN_ABOUT_RETURN_TYPE = YES_ERROR;
				GCC_WARN_UNDECLARED_SELECTOR = YES;
				GCC_WARN_UNINITIALIZED_AUTOS = YES_AGGRESSIVE;
				GCC_WARN_UNUSED_FUNCTION = YES;
				GCC_WARN_UNUSED_VARIABLE = YES;
				MACOSX_DEPLOYMENT_TARGET = 10.10;
				MTL_ENABLE_DEBUG_INFO = YES;
				ONLY_ACTIVE_ARCH = YES;
				SDKROOT = macosx;
				SWIFT_ACTIVE_COMPILATION_CONDITIONS = DEBUG;
				SWIFT_OPTIMIZATION_LEVEL = "-Onone";
			};
			name = Debug;
		};
		45AE5BA31EBE6C9400FA07B0 /* Release */ = {
			isa = XCBuildConfiguration;
			buildSettings = {
				ALWAYS_SEARCH_USER_PATHS = NO;
				CLANG_ANALYZER_NONNULL = YES;
				CLANG_ANALYZER_NUMBER_OBJECT_CONVERSION = YES_AGGRESSIVE;
				CLANG_CXX_LANGUAGE_STANDARD = "gnu++0x";
				CLANG_CXX_LIBRARY = "libc++";
				CLANG_ENABLE_MODULES = YES;
				CLANG_ENABLE_OBJC_ARC = YES;
				CLANG_WARN_BLOCK_CAPTURE_AUTORELEASING = YES;
				CLANG_WARN_BOOL_CONVERSION = YES;
				CLANG_WARN_COMMA = YES;
				CLANG_WARN_CONSTANT_CONVERSION = YES;
				CLANG_WARN_DIRECT_OBJC_ISA_USAGE = YES_ERROR;
				CLANG_WARN_DOCUMENTATION_COMMENTS = YES;
				CLANG_WARN_EMPTY_BODY = YES;
				CLANG_WARN_ENUM_CONVERSION = YES;
				CLANG_WARN_INFINITE_RECURSION = YES;
				CLANG_WARN_INT_CONVERSION = YES;
				CLANG_WARN_NON_LITERAL_NULL_CONVERSION = YES;
				CLANG_WARN_OBJC_LITERAL_CONVERSION = YES;
				CLANG_WARN_OBJC_ROOT_CLASS = YES_ERROR;
				CLANG_WARN_RANGE_LOOP_ANALYSIS = YES;
				CLANG_WARN_STRICT_PROTOTYPES = YES;
				CLANG_WARN_SUSPICIOUS_MOVE = YES;
				CLANG_WARN_UNREACHABLE_CODE = YES;
				CLANG_WARN__DUPLICATE_METHOD_MATCH = YES;
				CODE_SIGN_IDENTITY = "-";
				COPY_PHASE_STRIP = NO;
				DEBUG_INFORMATION_FORMAT = "dwarf-with-dsym";
				ENABLE_NS_ASSERTIONS = NO;
				ENABLE_STRICT_OBJC_MSGSEND = YES;
				GCC_C_LANGUAGE_STANDARD = gnu99;
				GCC_NO_COMMON_BLOCKS = YES;
				GCC_WARN_64_TO_32_BIT_CONVERSION = YES;
				GCC_WARN_ABOUT_RETURN_TYPE = YES_ERROR;
				GCC_WARN_UNDECLARED_SELECTOR = YES;
				GCC_WARN_UNINITIALIZED_AUTOS = YES_AGGRESSIVE;
				GCC_WARN_UNUSED_FUNCTION = YES;
				GCC_WARN_UNUSED_VARIABLE = YES;
				MACOSX_DEPLOYMENT_TARGET = 10.10;
				MTL_ENABLE_DEBUG_INFO = NO;
				SDKROOT = macosx;
				SWIFT_OPTIMIZATION_LEVEL = "-Owholemodule";
			};
			name = Release;
		};
		45AE5BA51EBE6C9400FA07B0 /* Debug */ = {
			isa = XCBuildConfiguration;
			buildSettings = {
				ASSETCATALOG_COMPILER_APPICON_NAME = AppIcon;
				CLANG_ENABLE_MODULES = YES;
				COMBINE_HIDPI_IMAGES = YES;
				INFOPLIST_FILE = src/RktMachine/Info.plist;
				LD_RUNPATH_SEARCH_PATHS = "$(inherited) @executable_path/../Frameworks";
				MACOSX_DEPLOYMENT_TARGET = 10.10;
				PRODUCT_BUNDLE_IDENTIFIER = dog.woofwoofinc.RktMachine;
				PRODUCT_NAME = "$(TARGET_NAME)";
				SWIFT_OPTIMIZATION_LEVEL = "-Onone";
				SWIFT_SWIFT3_OBJC_INFERENCE = Default;
				SWIFT_VERSION = 4.0;
			};
			name = Debug;
		};
		45AE5BA61EBE6C9400FA07B0 /* Release */ = {
			isa = XCBuildConfiguration;
			buildSettings = {
				ASSETCATALOG_COMPILER_APPICON_NAME = AppIcon;
				CLANG_ENABLE_MODULES = YES;
				COMBINE_HIDPI_IMAGES = YES;
				INFOPLIST_FILE = src/RktMachine/Info.plist;
				LD_RUNPATH_SEARCH_PATHS = "$(inherited) @executable_path/../Frameworks";
				MACOSX_DEPLOYMENT_TARGET = 10.10;
				PRODUCT_BUNDLE_IDENTIFIER = dog.woofwoofinc.RktMachine;
				PRODUCT_NAME = "$(TARGET_NAME)";
				SWIFT_SWIFT3_OBJC_INFERENCE = Default;
				SWIFT_VERSION = 4.0;
			};
			name = Release;
		};
/* End XCBuildConfiguration section */

/* Begin XCConfigurationList section */
		45AE5B901EBE6C9400FA07B0 /* Build configuration list for PBXProject "RktMachine" */ = {
			isa = XCConfigurationList;
			buildConfigurations = (
				45AE5BA21EBE6C9400FA07B0 /* Debug */,
				45AE5BA31EBE6C9400FA07B0 /* Release */,
			);
			defaultConfigurationIsVisible = 0;
			defaultConfigurationName = Release;
		};
		45AE5BA41EBE6C9400FA07B0 /* Build configuration list for PBXNativeTarget "RktMachine" */ = {
			isa = XCConfigurationList;
			buildConfigurations = (
				45AE5BA51EBE6C9400FA07B0 /* Debug */,
				45AE5BA61EBE6C9400FA07B0 /* Release */,
			);
			defaultConfigurationIsVisible = 0;
			defaultConfigurationName = Release;
		};
/* End XCConfigurationList section */
	};
	rootObject = 45AE5B8D1EBE6C9400FA07B0 /* Project object */;
}
